
Microsoft Visual Studio Solution File, Format Version 12.00
# Visual Studio Version 17
VisualStudioVersion = 17.11.35431.28
MinimumVisualStudioVersion = 10.0.40219.1
Project("{FAE04EC0-301F-11D3-BF4B-00C04F79EFBC}") = "Proyecto_TixPro", "Proyecto_TixPro\Proyecto_TixPro.csproj", "{2324804E-7CA2-4957-A0F6-91EFABD0CCC5}"
EndProject
Global
	GlobalSection(SolutionConfigurationPlatforms) = preSolution
		Debug|Any CPU = Debug|Any CPU
		Release|Any CPU = Release|Any CPU
	EndGlobalSection
	GlobalSection(ProjectConfigurationPlatforms) = postSolution
		{2324804E-7CA2-4957-A0F6-91EFABD0CCC5}.Debug|Any CPU.ActiveCfg = Debug|Any CPU
		{2324804E-7CA2-4957-A0F6-91EFABD0CCC5}.Debug|Any CPU.Build.0 = Debug|Any CPU
		{2324804E-7CA2-4957-A0F6-91EFABD0CCC5}.Release|Any CPU.ActiveCfg = Release|Any CPU
		{2324804E-7CA2-4957-A0F6-91EFABD0CCC5}.Release|Any CPU.Build.0 = Release|Any CPU
	EndGlobalSection
	GlobalSection(SolutionProperties) = preSolution
		HideSolutionNode = FALSE
	EndGlobalSection
	GlobalSection(ExtensibilityGlobals) = postSolution
		SolutionGuid = {14BC79BD-61CB-47E6-B016-FC519E6B55F9}
	EndGlobalSection
EndGlobal
